{
  "name": "horizon",
  "version": "0.0.0",
  "lockfileVersion": 3,
  "requires": true,
  "packages": {
    "": {
      "name": "horizon",
      "version": "0.0.0",
      "dependencies": {
        "@docusaurus/core": "3.8.1",
        "@docusaurus/preset-classic": "3.8.1",
        "@mdx-js/react": "^3.1.1",
        "clsx": "^2.0.0",
        "prism-react-renderer": "^2.4.1",
        "react": "18.3.1",
        "react-dom": "18.3.1"
      },
      "devDependencies": {
        "@docusaurus/module-type-aliases": "3.8.1",
        "@docusaurus/types": "3.8.1"
      },
      "engines": {
        "node": ">=18.0"
      }
    },
    "node_modules/react": {
      "version": "18.3.1",
      "resolved": "https://registry.npmjs.org/react/-/react-18.3.1.tgz",
      "integrity": "sha512-w8nqGImo45dmMIfljjMwOGtbmC/mk4CMYhWIicdSflH91J9TyCyczcPFXJzrZ/ZXcgGRFeP6BU0BEJTw6tZdfQ==",
      "engines": {
        "node": ">=0.10.0"
      }
    },
    "node_modules/react-dom": {
      "version": "18.3.1",
      "resolved": "https://registry.npmjs.org/react-dom/-/react-dom-18.3.1.tgz",
      "integrity": "sha512-Dlq/5LAZgF0Gaz6yiqZCf6VCcZs1ghAJyrsu84Q/GT0gV+mCxbfmKNoGRKBYMJ8IEdGPqu49YWXD02GCknEDkw==",
      "peerDependencies": {
        "react": "^18.3.1"
      }
    }
  }
}
